
Microsoft Visual Studio Solution File, Format Version 12.00
# Visual Studio 15
VisualStudioVersion = 15.0.27004.2009
MinimumVisualStudioVersion = 10.0.40219.1
Project("{FAE04EC0-301F-11D3-BF4B-00C04F79EFBC}") = "NPS2", "NPS\NPS2.csproj", "{4F97F752-628E-4416-98E5-319FAF8E6271}"
EndProject
Project("{2150E333-8FDC-42A3-9474-1A3956D46DE8}") = "Solution Items", "Solution Items", "{5233B3AD-7524-4BA1-8193-3992021695AE}"
EndProject
Global
	GlobalSection(SolutionConfigurationPlatforms) = preSolution
		Debug|Any CPU = Debug|Any CPU
		Release|Any CPU = Release|Any CPU
	EndGlobalSection
	GlobalSection(ProjectConfigurationPlatforms) = postSolution
		{4F97F752-628E-4416-98E5-319FAF8E6271}.Debug|Any CPU.ActiveCfg = Debug|Any CPU
		{4F97F752-628E-4416-98E5-319FAF8E6271}.Debug|Any CPU.Build.0 = Debug|Any CPU
		{4F97F752-628E-4416-98E5-319FAF8E6271}.Release|Any CPU.ActiveCfg = Release|Any CPU
		{4F97F752-628E-4416-98E5-319FAF8E6271}.Release|Any CPU.Build.0 = Release|Any CPU
	EndGlobalSection
	GlobalSection(SolutionProperties) = preSolution
		HideSolutionNode = FALSE
	EndGlobalSection
	GlobalSection(ExtensibilityGlobals) = postSolution
		SolutionGuid = {2FFF3B1A-C166-4D4F-9C8F-B0C03EBE5A28}
	EndGlobalSection
EndGlobal
